// !$*UTF8*$!
{
	archiveVersion = 1;
	classes = {
	};
	objectVersion = 46;
	objects = {

/* Begin PBXBuildFile section */
		01CDB46D1EED0A7A008A4B38 /* main.m in Sources */ = {isa = PBXBuildFile; fileRef = 01CDB46C1EED0A7A008A4B38 /* main.m */; };
		01CDB4701EED0A7A008A4B38 /* AppDelegate.m in Sources */ = {isa = PBXBuildFile; fileRef = 01CDB46F1EED0A7A008A4B38 /* AppDelegate.m */; };
		01CDB4731EED0A7A008A4B38 /* ViewController.m in Sources */ = {isa = PBXBuildFile; fileRef = 01CDB4721EED0A7A008A4B38 /* ViewController.m */; };
		01CDB4761EED0A7A008A4B38 /* Main.storyboard in Resources */ = {isa = PBXBuildFile; fileRef = 01CDB4741EED0A7A008A4B38 /* Main.storyboard */; };
		01CDB4781EED0A7A008A4B38 /* Assets.xcassets in Resources */ = {isa = PBXBuildFile; fileRef = 01CDB4771EED0A7A008A4B38 /* Assets.xcassets */; };
		01CDB47B1EED0A7A008A4B38 /* LaunchScreen.storyboard in Resources */ = {isa = PBXBuildFile; fileRef = 01CDB4791EED0A7A008A4B38 /* LaunchScreen.storyboard */; };
		01CDB4831EED0A98008A4B38 /* LatLongData.plist in Resources */ = {isa = PBXBuildFile; fileRef = 01CDB4821EED0A98008A4B38 /* LatLongData.plist */; };
/* End PBXBuildFile section */

/* Begin PBXFileReference section */
		01CDB4681EED0A7A008A4B38 /* MapDemo.app */ = {isa = PBXFileReference; explicitFileType = wrapper.application; includeInIndex = 0; path = MapDemo.app; sourceTree = BUILT_PRODUCTS_DIR; };
		01CDB46C1EED0A7A008A4B38 /* main.m */ = {isa = PBXFileReference; lastKnownFileType = sourcecode.c.objc; path = main.m; sourceTree = "<group>"; };
		01CDB46E1EED0A7A008A4B38 /* AppDelegate.h */ = {isa = PBXFileReference; lastKnownFileType = sourcecode.c.h; path = AppDelegate.h; sourceTree = "<group>"; };
		01CDB46F1EED0A7A008A4B38 /* AppDelegate.m */ = {isa = PBXFileReference; lastKnownFileType = sourcecode.c.objc; path = AppDelegate.m; sourceTree = "<group>"; };
		01CDB4711EED0A7A008A4B38 /* ViewController.h */ = {isa = PBXFileReference; lastKnownFileType = sourcecode.c.h; path = ViewController.h; sourceTree = "<group>"; };
		01CDB4721EED0A7A008A4B38 /* ViewController.m */ = {isa = PBXFileReference; lastKnownFileType = sourcecode.c.objc; path = ViewController.m; sourceTree = "<group>"; };
		01CDB4751EED0A7A008A4B38 /* Base */ = {isa = PBXFileReference; lastKnownFileType = file.storyboard; name = Base; path = Base.lproj/Main.storyboard; sourceTree = "<group>"; };
		01CDB4771EED0A7A008A4B38 /* Assets.xcassets */ = {isa = PBXFileReference; lastKnownFileType = folder.assetcatalog; path = Assets.xcassets; sourceTree = "<group>"; };
		01CDB47A1EED0A7A008A4B38 /* Base */ = {isa = PBXFileReference; lastKnownFileType = file.storyboard; name = Base; path = Base.lproj/LaunchScreen.storyboard; sourceTree = "<group>"; };
		01CDB47C1EED0A7A008A4B38 /* Info.plist */ = {isa = PBXFileReference; lastKnownFileType = text.plist.xml; path = Info.plist; sourceTree = "<group>"; };
		01CDB4821EED0A98008A4B38 /* LatLongData.plist */ = {isa = PBXFileReference; fileEncoding = 4; lastKnownFileType = text.plist.xml; path = LatLongData.plist; sourceTree = "<group>"; };
/* End PBXFileReference section */

/* Begin PBXFrameworksBuildPhase section */
		01CDB4651EED0A79008A4B38 /* Frameworks */ = {
			isa = PBXFrameworksBuildPhase;
			buildActionMask = 2147483647;
			files = (
			);
			runOnlyForDeploymentPostprocessing = 0;
		};
/* End PBXFrameworksBuildPhase section */

/* Begin PBXGroup section */
		01CDB45F1EED0A79008A4B38 = {
			isa = PBXGroup;
			children = (
				01CDB46A1EED0A7A008A4B38 /* MapDemo */,
				01CDB4691EED0A7A008A4B38 /* Products */,
			);
			sourceTree = "<group>";
		};
		01CDB4691EED0A7A008A4B38 /* Products */ = {
			isa = PBXGroup;
			children = (
				01CDB4681EED0A7A008A4B38 /* MapDemo.app */,
			);
			name = Products;
			sourceTree = "<group>";
		};
		01CDB46A1EED0A7A008A4B38 /* MapDemo */ = {
			isa = PBXGroup;
			children = (
				01CDB46E1EED0A7A008A4B38 /* AppDelegate.h */,
				01CDB46F1EED0A7A008A4B38 /* AppDelegate.m */,
				01CDB4711EED0A7A008A4B38 /* ViewController.h */,
				01CDB4721EED0A7A008A4B38 /* ViewController.m */,
				01CDB4821EED0A98008A4B38 /* LatLongData.plist */,
				01CDB4741EED0A7A008A4B38 /* Main.storyboard */,
				01CDB4771EED0A7A008A4B38 /* Assets.xcassets */,
				01CDB4791EED0A7A008A4B38 /* LaunchScreen.storyboard */,
				01CDB47C1EED0A7A008A4B38 /* Info.plist */,
				01CDB46B1EED0A7A008A4B38 /* Supporting Files */,
			);
			path = MapDemo;
			sourceTree = "<group>";
		};
		01CDB46B1EED0A7A008A4B38 /* Supporting Files */ = {
			isa = PBXGroup;
			children = (
				01CDB46C1EED0A7A008A4B38 /* main.m */,
			);
			name = "Supporting Files";
			sourceTree = "<group>";
		};
/* End PBXGroup section */

/* Begin PBXNativeTarget section */
		01CDB4671EED0A79008A4B38 /* MapDemo */ = {
			isa = PBXNativeTarget;
			buildConfigurationList = 01CDB47F1EED0A7A008A4B38 /* Build configuration list for PBXNativeTarget "MapDemo" */;
			buildPhases = (
				01CDB4641EED0A79008A4B38 /* Sources */,
				01CDB4651EED0A79008A4B38 /* Frameworks */,
				01CDB4661EED0A79008A4B38 /* Resources */,
			);
			buildRules = (
			);
			dependencies = (
			);
			name = MapDemo;
			productName = MapDemo;
			productReference = 01CDB4681EED0A7A008A4B38 /* MapDemo.app */;
			productType = "com.apple.product-type.application";
		};
/* End PBXNativeTarget section */

/* Begin PBXProject section */
		01CDB4601EED0A79008A4B38 /* Project object */ = {
			isa = PBXProject;
			attributes = {
				LastUpgradeCheck = 0820;
				ORGANIZATIONNAME = atish;
				TargetAttributes = {
					01CDB4671EED0A79008A4B38 = {
						CreatedOnToolsVersion = 8.2;
						ProvisioningStyle = Automatic;
					};
				};
			};
			buildConfigurationList = 01CDB4631EED0A79008A4B38 /* Build configuration list for PBXProject "MapDemo" */;
			compatibilityVersion = "Xcode 3.2";
			developmentRegion = English;
			hasScannedForEncodings = 0;
			knownRegions = (
				en,
				Base,
			);
			mainGroup = 01CDB45F1EED0A79008A4B38;
			productRefGroup = 01CDB4691EED0A7A008A4B38 /* Products */;
			projectDirPath = "";
			projectRoot = "";
			targets = (
				01CDB4671EED0A79008A4B38 /* MapDemo */,
			);
		};
/* End PBXProject section */

/* Begin PBXResourcesBuildPhase section */
		01CDB4661EED0A79008A4B38 /* Resources */ = {
			isa = PBXResourcesBuildPhase;
			buildActionMask = 2147483647;
			files = (
				01CDB47B1EED0A7A008A4B38 /* LaunchScreen.storyboard in Resources */,
				01CDB4781EED0A7A008A4B38 /* Assets.xcassets in Resources */,
				01CDB4831EED0A98008A4B38 /* LatLongData.plist in Resources */,
				01CDB4761EED0A7A008A4B38 /* Main.storyboard in Resources */,
			);
			runOnlyForDeploymentPostprocessing = 0;
		};
/* End PBXResourcesBuildPhase section */

/* Begin PBXSourcesBuildPhase section */
		01CDB4641EED0A79008A4B38 /* Sources */ = {
			isa = PBXSourcesBuildPhase;
			buildActionMask = 2147483647;
			files = (
				01CDB4731EED0A7A008A4B38 /* ViewController.m in Sources */,
				01CDB4701EED0A7A008A4B38 /* AppDelegate.m in Sources */,
				01CDB46D1EED0A7A008A4B38 /* main.m in Sources */,
			);
			runOnlyForDeploymentPostprocessing = 0;
		};
/* End PBXSourcesBuildPhase section */

/* Begin PBXVariantGroup section */
		01CDB4741EED0A7A008A4B38 /* Main.storyboard */ = {
			isa = PBXVariantGroup;
			children = (
				01CDB4751EED0A7A008A4B38 /* Base */,
			);
			name = Main.storyboard;
			sourceTree = "<group>";
		};
		01CDB4791EED0A7A008A4B38 /* LaunchScreen.storyboard */ = {
			isa = PBXVariantGroup;
			children = (
				01CDB47A1EED0A7A008A4B38 /* Base */,
			);
			name = LaunchScreen.storyboard;
			sourceTree = "<group>";
		};
/* End PBXVariantGroup section */

/* Begin XCBuildConfiguration section */
		01CDB47D1EED0A7A008A4B38 /* Debug */ = {
			isa = XCBuildConfiguration;
			buildSettings = {
				ALWAYS_SEARCH_USER_PATHS = NO;
				CLANG_ANALYZER_NONNULL = YES;
				CLANG_CXX_LANGUAGE_STANDARD = "gnu++0x";
				CLANG_CXX_LIBRARY = "libc++";
				CLANG_ENABLE_MODULES = YES;
				CLANG_ENABLE_OBJC_ARC = YES;
				CLANG_WARN_BOOL_CONVERSION = YES;
				CLANG_WARN_CONSTANT_CONVERSION = YES;
				CLANG_WARN_DIRECT_OBJC_ISA_USAGE = YES_ERROR;
				CLANG_WARN_DOCUMENTATION_COMMENTS = YES;
				CLANG_WARN_EMPTY_BODY = YES;
				CLANG_WARN_ENUM_CONVERSION = YES;
				CLANG_WARN_INFINITE_RECURSION = YES;
				CLANG_WARN_INT_CONVERSION = YES;
				CLANG_WARN_OBJC_ROOT_CLASS = YES_ERROR;
				CLANG_WARN_SUSPICIOUS_MOVE = YES;
				CLANG_WARN_UNREACHABLE_CODE = YES;
				CLANG_WARN__DUPLICATE_METHOD_MATCH = YES;
				"CODE_SIGN_IDENTITY[sdk=iphoneos*]" = "iPhone Developer";
				COPY_PHASE_STRIP = NO;
				DEBUG_INFORMATION_FORMAT = dwarf;
				ENABLE_STRICT_OBJC_MSGSEND = YES;
				ENABLE_TESTABILITY = YES;
				GCC_C_LANGUAGE_STANDARD = gnu99;
				GCC_DYNAMIC_NO_PIC = NO;
				GCC_NO_COMMON_BLOCKS = YES;
				GCC_OPTIMIZATION_LEVEL = 0;
				GCC_PREPROCESSOR_DEFINITIONS = (
					"DEBUG=1",
					"$(inherited)",
				);
				GCC_WARN_64_TO_32_BIT_CONVERSION = YES;
				GCC_WARN_ABOUT_RETURN_TYPE = YES_ERROR;
				GCC_WARN_UNDECLARED_SELECTOR = YES;
				GCC_WARN_UNINITIALIZED_AUTOS = YES_AGGRESSIVE;
				GCC_WARN_UNUSED_FUNCTION = YES;
				GCC_WARN_UNUSED_VARIABLE = YES;
				IPHONEOS_DEPLOYMENT_TARGET = 10.2;
				MTL_ENABLE_DEBUG_INFO = YES;
				ONLY_ACTIVE_ARCH = YES;
				SDKROOT = iphoneos;
				TARGETED_DEVICE_FAMILY = "1,2";
			};
			name = Debug;
		};
		01CDB47E1EED0A7A008A4B38 /* Release */ = {
			isa = XCBuildConfiguration;
			buildSettings = {
				ALWAYS_SEARCH_USER_PATHS = NO;
				CLANG_ANALYZER_NONNULL = YES;
				CLANG_CXX_LANGUAGE_STANDARD = "gnu++0x";
				CLANG_CXX_LIBRARY = "libc++";
				CLANG_ENABLE_MODULES = YES;
				CLANG_ENABLE_OBJC_ARC = YES;
				CLANG_WARN_BOOL_CONVERSION = YES;
				CLANG_WARN_CONSTANT_CONVERSION = YES;
				CLANG_WARN_DIRECT_OBJC_ISA_USAGE = YES_ERROR;
				CLANG_WARN_DOCUMENTATION_COMMENTS = YES;
				CLANG_WARN_EMPTY_BODY = YES;
				CLANG_WARN_ENUM_CONVERSION = YES;
				CLANG_WARN_INFINITE_RECURSION = YES;
				CLANG_WARN_INT_CONVERSION = YES;
				CLANG_WARN_OBJC_ROOT_CLASS = YES_ERROR;
				CLANG_WARN_SUSPICIOUS_MOVE = YES;
				CLANG_WARN_UNREACHABLE_CODE = YES;
				CLANG_WARN__DUPLICATE_METHOD_MATCH = YES;
				"CODE_SIGN_IDENTITY[sdk=iphoneos*]" = "iPhone Developer";
				COPY_PHASE_STRIP = NO;
				DEBUG_INFORMATION_FORMAT = "dwarf-with-dsym";
				ENABLE_NS_ASSERTIONS = NO;
				ENABLE_STRICT_OBJC_MSGSEND = YES;
				GCC_C_LANGUAGE_STANDARD = gnu99;
				GCC_NO_COMMON_BLOCKS = YES;
				GCC_WARN_64_TO_32_BIT_CONVERSION = YES;
				GCC_WARN_ABOUT_RETURN_TYPE = YES_ERROR;
				GCC_WARN_UNDECLARED_SELECTOR = YES;
				GCC_WARN_UNINITIALIZED_AUTOS = YES_AGGRESSIVE;
				GCC_WARN_UNUSED_FUNCTION = YES;
				GCC_WARN_UNUSED_VARIABLE = YES;
				IPHONEOS_DEPLOYMENT_TARGET = 10.2;
				MTL_ENABLE_DEBUG_INFO = NO;
				SDKROOT = iphoneos;
				TARGETED_DEVICE_FAMILY = "1,2";
				VALIDATE_PRODUCT = YES;
			};
			name = Release;
		};
		01CDB4801EED0A7A008A4B38 /* Debug */ = {
			isa = XCBuildConfiguration;
			buildSettings = {
				ASSETCATALOG_COMPILER_APPICON_NAME = AppIcon;
				INFOPLIST_FILE = MapDemo/Info.plist;
				LD_RUNPATH_SEARCH_PATHS = "$(inherited) @executable_path/Frameworks";
				PRODUCT_BUNDLE_IDENTIFIER = com.felix.MapDemo;
				PRODUCT_NAME = "$(TARGET_NAME)";
			};
			name = Debug;
		};
		01CDB4811EED0A7A008A4B38 /* Release */ = {
			isa = XCBuildConfiguration;
			buildSettings = {
				ASSETCATALOG_COMPILER_APPICON_NAME = AppIcon;
				INFOPLIST_FILE = MapDemo/Info.plist;
				LD_RUNPATH_SEARCH_PATHS = "$(inherited) @executable_path/Frameworks";
				PRODUCT_BUNDLE_IDENTIFIER = com.felix.MapDemo;
				PRODUCT_NAME = "$(TARGET_NAME)";
			};
			name = Release;
		};
/* End XCBuildConfiguration section */

/* Begin XCConfigurationList section */
		01CDB4631EED0A79008A4B38 /* Build configuration list for PBXProject "MapDemo" */ = {
			isa = XCConfigurationList;
			buildConfigurations = (
				01CDB47D1EED0A7A008A4B38 /* Debug */,
				01CDB47E1EED0A7A008A4B38 /* Release */,
			);
			defaultConfigurationIsVisible = 0;
			defaultConfigurationName = Release;
		};
		01CDB47F1EED0A7A008A4B38 /* Build configuration list for PBXNativeTarget "MapDemo" */ = {
			isa = XCConfigurationList;
			buildConfigurations = (
				01CDB4801EED0A7A008A4B38 /* Debug */,
				01CDB4811EED0A7A008A4B38 /* Release */,
			);
			defaultConfigurationIsVisible = 0;
		};
/* End XCConfigurationList section */
	};
	rootObject = 01CDB4601EED0A79008A4B38 /* Project object */;
}
